// !$*UTF8*$!
{
	archiveVersion = 1;
	classes = {
	};
	objectVersion = 56;
	objects = {

/* Begin PBXBuildFile section */
		1B5AC73B2996639700F6F611 /* AppDelegate.swift in Sources */ = {isa = PBXBuildFile; fileRef = 1B5AC73A2996639700F6F611 /* AppDelegate.swift */; };
		1B5AC73D2996639700F6F611 /* SceneDelegate.swift in Sources */ = {isa = PBXBuildFile; fileRef = 1B5AC73C2996639700F6F611 /* SceneDelegate.swift */; };
		1B5AC73F2996639700F6F611 /* RMTabViewController.swift in Sources */ = {isa = PBXBuildFile; fileRef = 1B5AC73E2996639700F6F611 /* RMTabViewController.swift */; };
		1B5AC7442996639800F6F611 /* Assets.xcassets in Resources */ = {isa = PBXBuildFile; fileRef = 1B5AC7432996639800F6F611 /* Assets.xcassets */; };
		1B5AC7472996639800F6F611 /* LaunchScreen.storyboard in Resources */ = {isa = PBXBuildFile; fileRef = 1B5AC7452996639800F6F611 /* LaunchScreen.storyboard */; };
		1B5AC75629966A0A00F6F611 /* RMLocation.swift in Sources */ = {isa = PBXBuildFile; fileRef = 1B5AC75529966A0A00F6F611 /* RMLocation.swift */; };
		1B5AC75829966A2E00F6F611 /* RMCharacter.swift in Sources */ = {isa = PBXBuildFile; fileRef = 1B5AC75729966A2E00F6F611 /* RMCharacter.swift */; };
		1B5AC75A29966ADB00F6F611 /* RMEpisode.swift in Sources */ = {isa = PBXBuildFile; fileRef = 1B5AC75929966ADB00F6F611 /* RMEpisode.swift */; };
		1B5AC75D29966BD900F6F611 /* RMCharacterViewController.swift in Sources */ = {isa = PBXBuildFile; fileRef = 1B5AC75C29966BD900F6F611 /* RMCharacterViewController.swift */; };
		1B5AC75F29966BFE00F6F611 /* RMLocationsViewController.swift in Sources */ = {isa = PBXBuildFile; fileRef = 1B5AC75E29966BFE00F6F611 /* RMLocationsViewController.swift */; };
		1B5AC76129966C1F00F6F611 /* RMEpisodeViewController.swift in Sources */ = {isa = PBXBuildFile; fileRef = 1B5AC76029966C1F00F6F611 /* RMEpisodeViewController.swift */; };
		1B5AC7632996BB5500F6F611 /* RMSettingsViewController.swift in Sources */ = {isa = PBXBuildFile; fileRef = 1B5AC7622996BB5500F6F611 /* RMSettingsViewController.swift */; };
		1B5AC7652996FB8900F6F611 /* RMService.swift in Sources */ = {isa = PBXBuildFile; fileRef = 1B5AC7642996FB8900F6F611 /* RMService.swift */; };
		1B5AC7672996FBA200F6F611 /* RMRequest.swift in Sources */ = {isa = PBXBuildFile; fileRef = 1B5AC7662996FBA200F6F611 /* RMRequest.swift */; };
		1B5AC7692996FCF600F6F611 /* RMEndpoint.swift in Sources */ = {isa = PBXBuildFile; fileRef = 1B5AC7682996FCF600F6F611 /* RMEndpoint.swift */; };
		1B5AC76B2999314500F6F611 /* RMOrigin.swift in Sources */ = {isa = PBXBuildFile; fileRef = 1B5AC76A2999314500F6F611 /* RMOrigin.swift */; };
		1B5AC76D2999428E00F6F611 /* RMSingleLocation.swift in Sources */ = {isa = PBXBuildFile; fileRef = 1B5AC76C2999428E00F6F611 /* RMSingleLocation.swift */; };
		1B5AC76F2999441B00F6F611 /* RMCharacterStatus.swift in Sources */ = {isa = PBXBuildFile; fileRef = 1B5AC76E2999441B00F6F611 /* RMCharacterStatus.swift */; };
		1B5AC7712999445700F6F611 /* RMCharacterGender.swift in Sources */ = {isa = PBXBuildFile; fileRef = 1B5AC7702999445700F6F611 /* RMCharacterGender.swift */; };
		1BC32E8D29A182F300316F4E /* RMCharacterDetailViewController.swift in Sources */ = {isa = PBXBuildFile; fileRef = 1BC32E8C29A182F300316F4E /* RMCharacterDetailViewController.swift */; };
		1BC32E8F29A183C200316F4E /* RMCharacterDetailView.swift in Sources */ = {isa = PBXBuildFile; fileRef = 1BC32E8E29A183C200316F4E /* RMCharacterDetailView.swift */; };
		1BC32E9129A183F300316F4E /* RMCharacterDetailViewModel.swift in Sources */ = {isa = PBXBuildFile; fileRef = 1BC32E9029A183F300316F4E /* RMCharacterDetailViewModel.swift */; };
		1BC32E9329A2A6FF00316F4E /* RMFooterLoadingCollectionReusableView.swift in Sources */ = {isa = PBXBuildFile; fileRef = 1BC32E9229A2A6FF00316F4E /* RMFooterLoadingCollectionReusableView.swift */; };
		1BC6DEDD299B9A00009B9DA1 /* RMGetAllCharactersResponse.swift in Sources */ = {isa = PBXBuildFile; fileRef = 1BC6DEDC299B9A00009B9DA1 /* RMGetAllCharactersResponse.swift */; };
		1BC6DEDF299B9E9E009B9DA1 /* RMCharacterListViewModel.swift in Sources */ = {isa = PBXBuildFile; fileRef = 1BC6DEDE299B9E9E009B9DA1 /* RMCharacterListViewModel.swift */; };
		1BC6DEE1299B9F1D009B9DA1 /* RMCharacterListView.swift in Sources */ = {isa = PBXBuildFile; fileRef = 1BC6DEE0299B9F1D009B9DA1 /* RMCharacterListView.swift */; };
		1BC6DEE3299BA3EF009B9DA1 /* Extensions.swift in Sources */ = {isa = PBXBuildFile; fileRef = 1BC6DEE2299BA3EF009B9DA1 /* Extensions.swift */; };
		1BC6DEE5299C43A2009B9DA1 /* RMCharacterCollectionViewCell.swift in Sources */ = {isa = PBXBuildFile; fileRef = 1BC6DEE4299C43A2009B9DA1 /* RMCharacterCollectionViewCell.swift */; };
		1BC6DEE7299D1511009B9DA1 /* RMCharacterCollectionViewCellModel.swift in Sources */ = {isa = PBXBuildFile; fileRef = 1BC6DEE6299D1511009B9DA1 /* RMCharacterCollectionViewCellModel.swift */; };
		1BFAA07629A92FF000C1C76F /* RMImageLoader.swift in Sources */ = {isa = PBXBuildFile; fileRef = 1BFAA07529A92FF000C1C76F /* RMImageLoader.swift */; };
/* End PBXBuildFile section */

/* Begin PBXFileReference section */
		1B5AC7372996639700F6F611 /* Rick&Morty.app */ = {isa = PBXFileReference; explicitFileType = wrapper.application; includeInIndex = 0; path = "Rick&Morty.app"; sourceTree = BUILT_PRODUCTS_DIR; };
		1B5AC73A2996639700F6F611 /* AppDelegate.swift */ = {isa = PBXFileReference; lastKnownFileType = sourcecode.swift; path = AppDelegate.swift; sourceTree = "<group>"; };
		1B5AC73C2996639700F6F611 /* SceneDelegate.swift */ = {isa = PBXFileReference; lastKnownFileType = sourcecode.swift; path = SceneDelegate.swift; sourceTree = "<group>"; };
		1B5AC73E2996639700F6F611 /* RMTabViewController.swift */ = {isa = PBXFileReference; lastKnownFileType = sourcecode.swift; path = RMTabViewController.swift; sourceTree = "<group>"; };
		1B5AC7432996639800F6F611 /* Assets.xcassets */ = {isa = PBXFileReference; lastKnownFileType = folder.assetcatalog; path = Assets.xcassets; sourceTree = "<group>"; };
		1B5AC7462996639800F6F611 /* Base */ = {isa = PBXFileReference; lastKnownFileType = file.storyboard; name = Base; path = Base.lproj/LaunchScreen.storyboard; sourceTree = "<group>"; };
		1B5AC7482996639800F6F611 /* Info.plist */ = {isa = PBXFileReference; lastKnownFileType = text.plist.xml; path = Info.plist; sourceTree = "<group>"; };
		1B5AC75529966A0A00F6F611 /* RMLocation.swift */ = {isa = PBXFileReference; lastKnownFileType = sourcecode.swift; path = RMLocation.swift; sourceTree = "<group>"; };
		1B5AC75729966A2E00F6F611 /* RMCharacter.swift */ = {isa = PBXFileReference; lastKnownFileType = sourcecode.swift; path = RMCharacter.swift; sourceTree = "<group>"; };
		1B5AC75929966ADB00F6F611 /* RMEpisode.swift */ = {isa = PBXFileReference; lastKnownFileType = sourcecode.swift; path = RMEpisode.swift; sourceTree = "<group>"; };
		1B5AC75C29966BD900F6F611 /* RMCharacterViewController.swift */ = {isa = PBXFileReference; lastKnownFileType = sourcecode.swift; path = RMCharacterViewController.swift; sourceTree = "<group>"; };
		1B5AC75E29966BFE00F6F611 /* RMLocationsViewController.swift */ = {isa = PBXFileReference; lastKnownFileType = sourcecode.swift; path = RMLocationsViewController.swift; sourceTree = "<group>"; };
		1B5AC76029966C1F00F6F611 /* RMEpisodeViewController.swift */ = {isa = PBXFileReference; lastKnownFileType = sourcecode.swift; path = RMEpisodeViewController.swift; sourceTree = "<group>"; };
		1B5AC7622996BB5500F6F611 /* RMSettingsViewController.swift */ = {isa = PBXFileReference; lastKnownFileType = sourcecode.swift; path = RMSettingsViewController.swift; sourceTree = "<group>"; };
		1B5AC7642996FB8900F6F611 /* RMService.swift */ = {isa = PBXFileReference; lastKnownFileType = sourcecode.swift; path = RMService.swift; sourceTree = "<group>"; };
		1B5AC7662996FBA200F6F611 /* RMRequest.swift */ = {isa = PBXFileReference; lastKnownFileType = sourcecode.swift; path = RMRequest.swift; sourceTree = "<group>"; };
		1B5AC7682996FCF600F6F611 /* RMEndpoint.swift */ = {isa = PBXFileReference; lastKnownFileType = sourcecode.swift; path = RMEndpoint.swift; sourceTree = "<group>"; };
		1B5AC76A2999314500F6F611 /* RMOrigin.swift */ = {isa = PBXFileReference; lastKnownFileType = sourcecode.swift; path = RMOrigin.swift; sourceTree = "<group>"; };
		1B5AC76C2999428E00F6F611 /* RMSingleLocation.swift */ = {isa = PBXFileReference; lastKnownFileType = sourcecode.swift; path = RMSingleLocation.swift; sourceTree = "<group>"; };
		1B5AC76E2999441B00F6F611 /* RMCharacterStatus.swift */ = {isa = PBXFileReference; lastKnownFileType = sourcecode.swift; path = RMCharacterStatus.swift; sourceTree = "<group>"; };
		1B5AC7702999445700F6F611 /* RMCharacterGender.swift */ = {isa = PBXFileReference; lastKnownFileType = sourcecode.swift; path = RMCharacterGender.swift; sourceTree = "<group>"; };
		1BC32E8C29A182F300316F4E /* RMCharacterDetailViewController.swift */ = {isa = PBXFileReference; lastKnownFileType = sourcecode.swift; path = RMCharacterDetailViewController.swift; sourceTree = "<group>"; };
		1BC32E8E29A183C200316F4E /* RMCharacterDetailView.swift */ = {isa = PBXFileReference; lastKnownFileType = sourcecode.swift; path = RMCharacterDetailView.swift; sourceTree = "<group>"; };
		1BC32E9029A183F300316F4E /* RMCharacterDetailViewModel.swift */ = {isa = PBXFileReference; lastKnownFileType = sourcecode.swift; path = RMCharacterDetailViewModel.swift; sourceTree = "<group>"; };
		1BC32E9229A2A6FF00316F4E /* RMFooterLoadingCollectionReusableView.swift */ = {isa = PBXFileReference; lastKnownFileType = sourcecode.swift; path = RMFooterLoadingCollectionReusableView.swift; sourceTree = "<group>"; };
		1BC6DEDC299B9A00009B9DA1 /* RMGetAllCharactersResponse.swift */ = {isa = PBXFileReference; lastKnownFileType = sourcecode.swift; path = RMGetAllCharactersResponse.swift; sourceTree = "<group>"; };
		1BC6DEDE299B9E9E009B9DA1 /* RMCharacterListViewModel.swift */ = {isa = PBXFileReference; lastKnownFileType = sourcecode.swift; path = RMCharacterListViewModel.swift; sourceTree = "<group>"; };
		1BC6DEE0299B9F1D009B9DA1 /* RMCharacterListView.swift */ = {isa = PBXFileReference; lastKnownFileType = sourcecode.swift; path = RMCharacterListView.swift; sourceTree = "<group>"; };
		1BC6DEE2299BA3EF009B9DA1 /* Extensions.swift */ = {isa = PBXFileReference; lastKnownFileType = sourcecode.swift; path = Extensions.swift; sourceTree = "<group>"; };
		1BC6DEE4299C43A2009B9DA1 /* RMCharacterCollectionViewCell.swift */ = {isa = PBXFileReference; lastKnownFileType = sourcecode.swift; path = RMCharacterCollectionViewCell.swift; sourceTree = "<group>"; };
		1BC6DEE6299D1511009B9DA1 /* RMCharacterCollectionViewCellModel.swift */ = {isa = PBXFileReference; lastKnownFileType = sourcecode.swift; path = RMCharacterCollectionViewCellModel.swift; sourceTree = "<group>"; };
		1BFAA07529A92FF000C1C76F /* RMImageLoader.swift */ = {isa = PBXFileReference; lastKnownFileType = sourcecode.swift; path = RMImageLoader.swift; sourceTree = "<group>"; };
/* End PBXFileReference section */

/* Begin PBXFrameworksBuildPhase section */
		1B5AC7342996639700F6F611 /* Frameworks */ = {
			isa = PBXFrameworksBuildPhase;
			buildActionMask = 2147483647;
			files = (
			);
			runOnlyForDeploymentPostprocessing = 0;
		};
/* End PBXFrameworksBuildPhase section */

/* Begin PBXGroup section */
		1B5AC72E2996639700F6F611 = {
			isa = PBXGroup;
			children = (
				1B5AC7392996639700F6F611 /* Rick&Morty */,
				1B5AC7382996639700F6F611 /* Products */,
			);
			sourceTree = "<group>";
		};
		1B5AC7382996639700F6F611 /* Products */ = {
			isa = PBXGroup;
			children = (
				1B5AC7372996639700F6F611 /* Rick&Morty.app */,
			);
			name = Products;
			sourceTree = "<group>";
		};
		1B5AC7392996639700F6F611 /* Rick&Morty */ = {
			isa = PBXGroup;
			children = (
				1B5AC7542996697000F6F611 /* Resources */,
				1B5AC7532996695E00F6F611 /* Managers */,
				1B5AC7522996686F00F6F611 /* APIClient */,
				1B5AC74E299667E100F6F611 /* ViewModels */,
				1B5AC7502996681300F6F611 /* Models */,
				1B5AC74F299667FC00F6F611 /* Views */,
				1B5AC7512996682200F6F611 /* Controllers */,
				1B5AC7432996639800F6F611 /* Assets.xcassets */,
				1B5AC7452996639800F6F611 /* LaunchScreen.storyboard */,
				1B5AC7482996639800F6F611 /* Info.plist */,
			);
			path = "Rick&Morty";
			sourceTree = "<group>";
		};
		1B5AC74E299667E100F6F611 /* ViewModels */ = {
			isa = PBXGroup;
			children = (
				1BC6DEDE299B9E9E009B9DA1 /* RMCharacterListViewModel.swift */,
				1BC6DEE6299D1511009B9DA1 /* RMCharacterCollectionViewCellModel.swift */,
				1BC32E9029A183F300316F4E /* RMCharacterDetailViewModel.swift */,
			);
			path = ViewModels;
			sourceTree = "<group>";
		};
		1B5AC74F299667FC00F6F611 /* Views */ = {
			isa = PBXGroup;
			children = (
				1BC6DEE0299B9F1D009B9DA1 /* RMCharacterListView.swift */,
				1BC6DEE4299C43A2009B9DA1 /* RMCharacterCollectionViewCell.swift */,
				1BC32E8E29A183C200316F4E /* RMCharacterDetailView.swift */,
				1BC32E9229A2A6FF00316F4E /* RMFooterLoadingCollectionReusableView.swift */,
			);
			path = Views;
			sourceTree = "<group>";
		};
		1B5AC7502996681300F6F611 /* Models */ = {
			isa = PBXGroup;
			children = (
				1BC6DEDB299B99BB009B9DA1 /* APIResponseTypes */,
				1BC6DEDA299B9983009B9DA1 /* DataTypes */,
			);
			path = Models;
			sourceTree = "<group>";
		};
		1B5AC7512996682200F6F611 /* Controllers */ = {
			isa = PBXGroup;
			children = (
				1BC32E8B29A182C300316F4E /* Other */,
				1B5AC75B29966B6F00F6F611 /* Core */,
			);
			path = Controllers;
			sourceTree = "<group>";
		};
		1B5AC7522996686F00F6F611 /* APIClient */ = {
			isa = PBXGroup;
			children = (
				1B5AC7642996FB8900F6F611 /* RMService.swift */,
				1B5AC7662996FBA200F6F611 /* RMRequest.swift */,
				1B5AC7682996FCF600F6F611 /* RMEndpoint.swift */,
			);
			path = APIClient;
			sourceTree = "<group>";
		};
		1B5AC7532996695E00F6F611 /* Managers */ = {
			isa = PBXGroup;
			children = (
				1BFAA07529A92FF000C1C76F /* RMImageLoader.swift */,
			);
			path = Managers;
			sourceTree = "<group>";
		};
		1B5AC7542996697000F6F611 /* Resources */ = {
			isa = PBXGroup;
			children = (
				1B5AC73A2996639700F6F611 /* AppDelegate.swift */,
				1B5AC73C2996639700F6F611 /* SceneDelegate.swift */,
				1BC6DEE2299BA3EF009B9DA1 /* Extensions.swift */,
			);
			path = Resources;
			sourceTree = "<group>";
		};
		1B5AC75B29966B6F00F6F611 /* Core */ = {
			isa = PBXGroup;
			children = (
				1B5AC73E2996639700F6F611 /* RMTabViewController.swift */,
				1B5AC75C29966BD900F6F611 /* RMCharacterViewController.swift */,
				1B5AC75E29966BFE00F6F611 /* RMLocationsViewController.swift */,
				1B5AC76029966C1F00F6F611 /* RMEpisodeViewController.swift */,
				1B5AC7622996BB5500F6F611 /* RMSettingsViewController.swift */,
			);
			path = Core;
			sourceTree = "<group>";
		};
		1BC32E8B29A182C300316F4E /* Other */ = {
			isa = PBXGroup;
			children = (
				1BC32E8C29A182F300316F4E /* RMCharacterDetailViewController.swift */,
			);
			path = Other;
			sourceTree = "<group>";
		};
		1BC6DEDA299B9983009B9DA1 /* DataTypes */ = {
			isa = PBXGroup;
			children = (
				1B5AC75529966A0A00F6F611 /* RMLocation.swift */,
				1B5AC75729966A2E00F6F611 /* RMCharacter.swift */,
				1B5AC75929966ADB00F6F611 /* RMEpisode.swift */,
				1B5AC76A2999314500F6F611 /* RMOrigin.swift */,
				1B5AC76C2999428E00F6F611 /* RMSingleLocation.swift */,
				1B5AC76E2999441B00F6F611 /* RMCharacterStatus.swift */,
				1B5AC7702999445700F6F611 /* RMCharacterGender.swift */,
			);
			path = DataTypes;
			sourceTree = "<group>";
		};
		1BC6DEDB299B99BB009B9DA1 /* APIResponseTypes */ = {
			isa = PBXGroup;
			children = (
				1BC6DEDC299B9A00009B9DA1 /* RMGetAllCharactersResponse.swift */,
			);
			path = APIResponseTypes;
			sourceTree = "<group>";
		};
/* End PBXGroup section */

/* Begin PBXNativeTarget section */
		1B5AC7362996639700F6F611 /* Rick&Morty */ = {
			isa = PBXNativeTarget;
			buildConfigurationList = 1B5AC74B2996639800F6F611 /* Build configuration list for PBXNativeTarget "Rick&Morty" */;
			buildPhases = (
				1B5AC7332996639700F6F611 /* Sources */,
				1B5AC7342996639700F6F611 /* Frameworks */,
				1B5AC7352996639700F6F611 /* Resources */,
			);
			buildRules = (
			);
			dependencies = (
			);
			name = "Rick&Morty";
			productName = "Rick&Morty";
			productReference = 1B5AC7372996639700F6F611 /* Rick&Morty.app */;
			productType = "com.apple.product-type.application";
		};
/* End PBXNativeTarget section */

/* Begin PBXProject section */
		1B5AC72F2996639700F6F611 /* Project object */ = {
			isa = PBXProject;
			attributes = {
				BuildIndependentTargetsInParallel = 1;
				LastSwiftUpdateCheck = 1400;
				LastUpgradeCheck = 1400;
				TargetAttributes = {
					1B5AC7362996639700F6F611 = {
						CreatedOnToolsVersion = 14.0;
					};
				};
			};
			buildConfigurationList = 1B5AC7322996639700F6F611 /* Build configuration list for PBXProject "Rick&Morty" */;
			compatibilityVersion = "Xcode 14.0";
			developmentRegion = en;
			hasScannedForEncodings = 0;
			knownRegions = (
				en,
				Base,
			);
			mainGroup = 1B5AC72E2996639700F6F611;
			productRefGroup = 1B5AC7382996639700F6F611 /* Products */;
			projectDirPath = "";
			projectRoot = "";
			targets = (
				1B5AC7362996639700F6F611 /* Rick&Morty */,
			);
		};
/* End PBXProject section */

/* Begin PBXResourcesBuildPhase section */
		1B5AC7352996639700F6F611 /* Resources */ = {
			isa = PBXResourcesBuildPhase;
			buildActionMask = 2147483647;
			files = (
				1B5AC7472996639800F6F611 /* LaunchScreen.storyboard in Resources */,
				1B5AC7442996639800F6F611 /* Assets.xcassets in Resources */,
			);
			runOnlyForDeploymentPostprocessing = 0;
		};
/* End PBXResourcesBuildPhase section */

/* Begin PBXSourcesBuildPhase section */
		1B5AC7332996639700F6F611 /* Sources */ = {
			isa = PBXSourcesBuildPhase;
			buildActionMask = 2147483647;
			files = (
				1B5AC76B2999314500F6F611 /* RMOrigin.swift in Sources */,
				1B5AC76D2999428E00F6F611 /* RMSingleLocation.swift in Sources */,
				1BC6DEE1299B9F1D009B9DA1 /* RMCharacterListView.swift in Sources */,
				1BC6DEDD299B9A00009B9DA1 /* RMGetAllCharactersResponse.swift in Sources */,
				1B5AC76F2999441B00F6F611 /* RMCharacterStatus.swift in Sources */,
				1B5AC7712999445700F6F611 /* RMCharacterGender.swift in Sources */,
				1BC32E9129A183F300316F4E /* RMCharacterDetailViewModel.swift in Sources */,
				1BC32E8D29A182F300316F4E /* RMCharacterDetailViewController.swift in Sources */,
				1BC32E9329A2A6FF00316F4E /* RMFooterLoadingCollectionReusableView.swift in Sources */,
				1B5AC75A29966ADB00F6F611 /* RMEpisode.swift in Sources */,
				1B5AC73F2996639700F6F611 /* RMTabViewController.swift in Sources */,
				1B5AC73B2996639700F6F611 /* AppDelegate.swift in Sources */,
				1BC6DEE5299C43A2009B9DA1 /* RMCharacterCollectionViewCell.swift in Sources */,
				1B5AC76129966C1F00F6F611 /* RMEpisodeViewController.swift in Sources */,
				1BFAA07629A92FF000C1C76F /* RMImageLoader.swift in Sources */,
				1B5AC73D2996639700F6F611 /* SceneDelegate.swift in Sources */,
				1B5AC75F29966BFE00F6F611 /* RMLocationsViewController.swift in Sources */,
				1B5AC7632996BB5500F6F611 /* RMSettingsViewController.swift in Sources */,
				1BC6DEE3299BA3EF009B9DA1 /* Extensions.swift in Sources */,
				1B5AC7652996FB8900F6F611 /* RMService.swift in Sources */,
				1B5AC75629966A0A00F6F611 /* RMLocation.swift in Sources */,
				1B5AC7692996FCF600F6F611 /* RMEndpoint.swift in Sources */,
				1B5AC75829966A2E00F6F611 /* RMCharacter.swift in Sources */,
				1B5AC7672996FBA200F6F611 /* RMRequest.swift in Sources */,
				1BC6DEE7299D1511009B9DA1 /* RMCharacterCollectionViewCellModel.swift in Sources */,
				1B5AC75D29966BD900F6F611 /* RMCharacterViewController.swift in Sources */,
				1BC6DEDF299B9E9E009B9DA1 /* RMCharacterListViewModel.swift in Sources */,
				1BC32E8F29A183C200316F4E /* RMCharacterDetailView.swift in Sources */,
			);
			runOnlyForDeploymentPostprocessing = 0;
		};
/* End PBXSourcesBuildPhase section */

/* Begin PBXVariantGroup section */
		1B5AC7452996639800F6F611 /* LaunchScreen.storyboard */ = {
			isa = PBXVariantGroup;
			children = (
				1B5AC7462996639800F6F611 /* Base */,
			);
			name = LaunchScreen.storyboard;
			sourceTree = "<group>";
		};
/* End PBXVariantGroup section */

/* Begin XCBuildConfiguration section */
		1B5AC7492996639800F6F611 /* Debug */ = {
			isa = XCBuildConfiguration;
			buildSettings = {
				ALWAYS_SEARCH_USER_PATHS = NO;
				CLANG_ANALYZER_NONNULL = YES;
				CLANG_ANALYZER_NUMBER_OBJECT_CONVERSION = YES_AGGRESSIVE;
				CLANG_CXX_LANGUAGE_STANDARD = "gnu++20";
				CLANG_ENABLE_MODULES = YES;
				CLANG_ENABLE_OBJC_ARC = YES;
				CLANG_ENABLE_OBJC_WEAK = YES;
				CLANG_WARN_BLOCK_CAPTURE_AUTORELEASING = YES;
				CLANG_WARN_BOOL_CONVERSION = YES;
				CLANG_WARN_COMMA = YES;
				CLANG_WARN_CONSTANT_CONVERSION = YES;
				CLANG_WARN_DEPRECATED_OBJC_IMPLEMENTATIONS = YES;
				CLANG_WARN_DIRECT_OBJC_ISA_USAGE = YES_ERROR;
				CLANG_WARN_DOCUMENTATION_COMMENTS = YES;
				CLANG_WARN_EMPTY_BODY = YES;
				CLANG_WARN_ENUM_CONVERSION = YES;
				CLANG_WARN_INFINITE_RECURSION = YES;
				CLANG_WARN_INT_CONVERSION = YES;
				CLANG_WARN_NON_LITERAL_NULL_CONVERSION = YES;
				CLANG_WARN_OBJC_IMPLICIT_RETAIN_SELF = YES;
				CLANG_WARN_OBJC_LITERAL_CONVERSION = YES;
				CLANG_WARN_OBJC_ROOT_CLASS = YES_ERROR;
				CLANG_WARN_QUOTED_INCLUDE_IN_FRAMEWORK_HEADER = YES;
				CLANG_WARN_RANGE_LOOP_ANALYSIS = YES;
				CLANG_WARN_STRICT_PROTOTYPES = YES;
				CLANG_WARN_SUSPICIOUS_MOVE = YES;
				CLANG_WARN_UNGUARDED_AVAILABILITY = YES_AGGRESSIVE;
				CLANG_WARN_UNREACHABLE_CODE = YES;
				CLANG_WARN__DUPLICATE_METHOD_MATCH = YES;
				COPY_PHASE_STRIP = NO;
				DEBUG_INFORMATION_FORMAT = dwarf;
				ENABLE_STRICT_OBJC_MSGSEND = YES;
				ENABLE_TESTABILITY = YES;
				GCC_C_LANGUAGE_STANDARD = gnu11;
				GCC_DYNAMIC_NO_PIC = NO;
				GCC_NO_COMMON_BLOCKS = YES;
				GCC_OPTIMIZATION_LEVEL = 0;
				GCC_PREPROCESSOR_DEFINITIONS = (
					"DEBUG=1",
					"$(inherited)",
				);
				GCC_WARN_64_TO_32_BIT_CONVERSION = YES;
				GCC_WARN_ABOUT_RETURN_TYPE = YES_ERROR;
				GCC_WARN_UNDECLARED_SELECTOR = YES;
				GCC_WARN_UNINITIALIZED_AUTOS = YES_AGGRESSIVE;
				GCC_WARN_UNUSED_FUNCTION = YES;
				GCC_WARN_UNUSED_VARIABLE = YES;
				IPHONEOS_DEPLOYMENT_TARGET = 16.0;
				MTL_ENABLE_DEBUG_INFO = INCLUDE_SOURCE;
				MTL_FAST_MATH = YES;
				ONLY_ACTIVE_ARCH = YES;
				SDKROOT = iphoneos;
				SWIFT_ACTIVE_COMPILATION_CONDITIONS = DEBUG;
				SWIFT_OPTIMIZATION_LEVEL = "-Onone";
			};
			name = Debug;
		};
		1B5AC74A2996639800F6F611 /* Release */ = {
			isa = XCBuildConfiguration;
			buildSettings = {
				ALWAYS_SEARCH_USER_PATHS = NO;
				CLANG_ANALYZER_NONNULL = YES;
				CLANG_ANALYZER_NUMBER_OBJECT_CONVERSION = YES_AGGRESSIVE;
				CLANG_CXX_LANGUAGE_STANDARD = "gnu++20";
				CLANG_ENABLE_MODULES = YES;
				CLANG_ENABLE_OBJC_ARC = YES;
				CLANG_ENABLE_OBJC_WEAK = YES;
				CLANG_WARN_BLOCK_CAPTURE_AUTORELEASING = YES;
				CLANG_WARN_BOOL_CONVERSION = YES;
				CLANG_WARN_COMMA = YES;
				CLANG_WARN_CONSTANT_CONVERSION = YES;
				CLANG_WARN_DEPRECATED_OBJC_IMPLEMENTATIONS = YES;
				CLANG_WARN_DIRECT_OBJC_ISA_USAGE = YES_ERROR;
				CLANG_WARN_DOCUMENTATION_COMMENTS = YES;
				CLANG_WARN_EMPTY_BODY = YES;
				CLANG_WARN_ENUM_CONVERSION = YES;
				CLANG_WARN_INFINITE_RECURSION = YES;
				CLANG_WARN_INT_CONVERSION = YES;
				CLANG_WARN_NON_LITERAL_NULL_CONVERSION = YES;
				CLANG_WARN_OBJC_IMPLICIT_RETAIN_SELF = YES;
				CLANG_WARN_OBJC_LITERAL_CONVERSION = YES;
				CLANG_WARN_OBJC_ROOT_CLASS = YES_ERROR;
				CLANG_WARN_QUOTED_INCLUDE_IN_FRAMEWORK_HEADER = YES;
				CLANG_WARN_RANGE_LOOP_ANALYSIS = YES;
				CLANG_WARN_STRICT_PROTOTYPES = YES;
				CLANG_WARN_SUSPICIOUS_MOVE = YES;
				CLANG_WARN_UNGUARDED_AVAILABILITY = YES_AGGRESSIVE;
				CLANG_WARN_UNREACHABLE_CODE = YES;
				CLANG_WARN__DUPLICATE_METHOD_MATCH = YES;
				COPY_PHASE_STRIP = NO;
				DEBUG_INFORMATION_FORMAT = "dwarf-with-dsym";
				ENABLE_NS_ASSERTIONS = NO;
				ENABLE_STRICT_OBJC_MSGSEND = YES;
				GCC_C_LANGUAGE_STANDARD = gnu11;
				GCC_NO_COMMON_BLOCKS = YES;
				GCC_WARN_64_TO_32_BIT_CONVERSION = YES;
				GCC_WARN_ABOUT_RETURN_TYPE = YES_ERROR;
				GCC_WARN_UNDECLARED_SELECTOR = YES;
				GCC_WARN_UNINITIALIZED_AUTOS = YES_AGGRESSIVE;
				GCC_WARN_UNUSED_FUNCTION = YES;
				GCC_WARN_UNUSED_VARIABLE = YES;
				IPHONEOS_DEPLOYMENT_TARGET = 16.0;
				MTL_ENABLE_DEBUG_INFO = NO;
				MTL_FAST_MATH = YES;
				SDKROOT = iphoneos;
				SWIFT_COMPILATION_MODE = wholemodule;
				SWIFT_OPTIMIZATION_LEVEL = "-O";
				VALIDATE_PRODUCT = YES;
			};
			name = Release;
		};
		1B5AC74C2996639800F6F611 /* Debug */ = {
			isa = XCBuildConfiguration;
			buildSettings = {
				ASSETCATALOG_COMPILER_APPICON_NAME = AppIcon;
				ASSETCATALOG_COMPILER_GLOBAL_ACCENT_COLOR_NAME = AccentColor;
				CODE_SIGN_STYLE = Automatic;
				CURRENT_PROJECT_VERSION = 1;
				DEVELOPMENT_TEAM = 8V8657PGXS;
				GENERATE_INFOPLIST_FILE = YES;
				INFOPLIST_FILE = "Rick&Morty/Info.plist";
				INFOPLIST_KEY_UIApplicationSupportsIndirectInputEvents = YES;
				INFOPLIST_KEY_UILaunchStoryboardName = LaunchScreen;
				INFOPLIST_KEY_UISupportedInterfaceOrientations_iPad = "UIInterfaceOrientationPortrait UIInterfaceOrientationPortraitUpsideDown UIInterfaceOrientationLandscapeLeft UIInterfaceOrientationLandscapeRight";
				INFOPLIST_KEY_UISupportedInterfaceOrientations_iPhone = "UIInterfaceOrientationPortrait UIInterfaceOrientationLandscapeLeft UIInterfaceOrientationLandscapeRight";
				LD_RUNPATH_SEARCH_PATHS = (
					"$(inherited)",
					"@executable_path/Frameworks",
				);
				MARKETING_VERSION = 1.0;
				PRODUCT_BUNDLE_IDENTIFIER = "varmalaza.Rick-Morty";
				PRODUCT_NAME = "$(TARGET_NAME)";
				SWIFT_EMIT_LOC_STRINGS = YES;
				SWIFT_VERSION = 5.0;
				TARGETED_DEVICE_FAMILY = "1,2";
			};
			name = Debug;
		};
		1B5AC74D2996639800F6F611 /* Release */ = {
			isa = XCBuildConfiguration;
			buildSettings = {
				ASSETCATALOG_COMPILER_APPICON_NAME = AppIcon;
				ASSETCATALOG_COMPILER_GLOBAL_ACCENT_COLOR_NAME = AccentColor;
				CODE_SIGN_STYLE = Automatic;
				CURRENT_PROJECT_VERSION = 1;
				DEVELOPMENT_TEAM = 8V8657PGXS;
				GENERATE_INFOPLIST_FILE = YES;
				INFOPLIST_FILE = "Rick&Morty/Info.plist";
				INFOPLIST_KEY_UIApplicationSupportsIndirectInputEvents = YES;
				INFOPLIST_KEY_UILaunchStoryboardName = LaunchScreen;
				INFOPLIST_KEY_UISupportedInterfaceOrientations_iPad = "UIInterfaceOrientationPortrait UIInterfaceOrientationPortraitUpsideDown UIInterfaceOrientationLandscapeLeft UIInterfaceOrientationLandscapeRight";
				INFOPLIST_KEY_UISupportedInterfaceOrientations_iPhone = "UIInterfaceOrientationPortrait UIInterfaceOrientationLandscapeLeft UIInterfaceOrientationLandscapeRight";
				LD_RUNPATH_SEARCH_PATHS = (
					"$(inherited)",
					"@executable_path/Frameworks",
				);
				MARKETING_VERSION = 1.0;
				PRODUCT_BUNDLE_IDENTIFIER = "varmalaza.Rick-Morty";
				PRODUCT_NAME = "$(TARGET_NAME)";
				SWIFT_EMIT_LOC_STRINGS = YES;
				SWIFT_VERSION = 5.0;
				TARGETED_DEVICE_FAMILY = "1,2";
			};
			name = Release;
		};
/* End XCBuildConfiguration section */

/* Begin XCConfigurationList section */
		1B5AC7322996639700F6F611 /* Build configuration list for PBXProject "Rick&Morty" */ = {
			isa = XCConfigurationList;
			buildConfigurations = (
				1B5AC7492996639800F6F611 /* Debug */,
				1B5AC74A2996639800F6F611 /* Release */,
			);
			defaultConfigurationIsVisible = 0;
			defaultConfigurationName = Release;
		};
		1B5AC74B2996639800F6F611 /* Build configuration list for PBXNativeTarget "Rick&Morty" */ = {
			isa = XCConfigurationList;
			buildConfigurations = (
				1B5AC74C2996639800F6F611 /* Debug */,
				1B5AC74D2996639800F6F611 /* Release */,
			);
			defaultConfigurationIsVisible = 0;
			defaultConfigurationName = Release;
		};
/* End XCConfigurationList section */
	};
	rootObject = 1B5AC72F2996639700F6F611 /* Project object */;
}
